Microsoft Visual Studio Solution File, Format Version 12.00
# Visual Studio Version 17
VisualStudioVersion = 17.5.2.0
MinimumVisualStudioVersion = 10.0.40219.1
Project("{FAE04EC0-301F-11D3-BF4B-00C04F79EFBC}") = "Practico_2_Pilas_Colas", "Practico_2_Pilas_Colas.csproj", "{B5DA6238-505D-3680-D0FE-6932B818E286}"
EndProject
Global
	GlobalSection(SolutionConfigurationPlatforms) = preSolution
		Debug|Any CPU = Debug|Any CPU
		Release|Any CPU = Release|Any CPU
	EndGlobalSection
	GlobalSection(ProjectConfigurationPlatforms) = postSolution
		{B5DA6238-505D-3680-D0FE-6932B818E286}.Debug|Any CPU.ActiveCfg = Debug|Any CPU
		{B5DA6238-505D-3680-D0FE-6932B818E286}.Debug|Any CPU.Build.0 = Debug|Any CPU
		{B5DA6238-505D-3680-D0FE-6932B818E286}.Release|Any CPU.ActiveCfg = Release|Any CPU
		{B5DA6238-505D-3680-D0FE-6932B818E286}.Release|Any CPU.Build.0 = Release|Any CPU
	EndGlobalSection
	GlobalSection(SolutionProperties) = preSolution
		HideSolutionNode = FALSE
	EndGlobalSection
	GlobalSection(ExtensibilityGlobals) = postSolution
		SolutionGuid = {3EABD8BC-83C7-4677-AE3B-9C2395B87751}
	EndGlobalSection
EndGlobal
